
Microsoft Visual Studio Solution File, Format Version 12.00
# Visual Studio Version 17
VisualStudioVersion = 17.9.34728.123
MinimumVisualStudioVersion = 10.0.40219.1
Project("{FAE04EC0-301F-11D3-BF4B-00C04F79EFBC}") = "пр5модули", "пр5модули\пр5модули.csproj", "{29194C1A-D7C8-4CE2-BB2F-F62C09502906}"
EndProject
Project("{FAE04EC0-301F-11D3-BF4B-00C04F79EFBC}") = "BDLibrary", "BDLibrary\BDLibrary.csproj", "{3F05331D-3721-4DAF-8C92-6B6A2541CE5A}"
EndProject
Global
	GlobalSection(SolutionConfigurationPlatforms) = preSolution
		Debug|Any CPU = Debug|Any CPU
		Release|Any CPU = Release|Any CPU
	EndGlobalSection
	GlobalSection(ProjectConfigurationPlatforms) = postSolution
		{29194C1A-D7C8-4CE2-BB2F-F62C09502906}.Debug|Any CPU.ActiveCfg = Debug|Any CPU
		{29194C1A-D7C8-4CE2-BB2F-F62C09502906}.Debug|Any CPU.Build.0 = Debug|Any CPU
		{29194C1A-D7C8-4CE2-BB2F-F62C09502906}.Release|Any CPU.ActiveCfg = Release|Any CPU
		{29194C1A-D7C8-4CE2-BB2F-F62C09502906}.Release|Any CPU.Build.0 = Release|Any CPU
		{3F05331D-3721-4DAF-8C92-6B6A2541CE5A}.Debug|Any CPU.ActiveCfg = Debug|Any CPU
		{3F05331D-3721-4DAF-8C92-6B6A2541CE5A}.Debug|Any CPU.Build.0 = Debug|Any CPU
		{3F05331D-3721-4DAF-8C92-6B6A2541CE5A}.Release|Any CPU.ActiveCfg = Release|Any CPU
		{3F05331D-3721-4DAF-8C92-6B6A2541CE5A}.Release|Any CPU.Build.0 = Release|Any CPU
	EndGlobalSection
	GlobalSection(SolutionProperties) = preSolution
		HideSolutionNode = FALSE
	EndGlobalSection
	GlobalSection(ExtensibilityGlobals) = postSolution
		SolutionGuid = {B7E637EF-4510-4786-9391-1A06832BD1CF}
	EndGlobalSection
EndGlobal
